{
  "name": "calender-pro",
  "version": "0.0.0",
  "lockfileVersion": 1,
  "requires": true,
  "dependencies": {
    "@types/anymatch": {
      "version": "1.3.1",
      "resolved": "https://registry.npm.taobao.org/@types/anymatch/download/@types/anymatch-1.3.1.tgz",
      "integrity": "sha1-M2utwb7sudrMOL6izzKt9ieoQho=",
      "dev": true
    },
    "@types/color-name": {
      "version": "1.1.1",
      "resolved": "https://registry.npm.taobao.org/@types/color-name/download/@types/color-name-1.1.1.tgz?cache=0&sync_timestamp=1588199606687&other_urls=https%3A%2F%2Fregistry.npm.taobao.org%2F%40types%2Fcolor-name%2Fdownload%2F%40types%2Fcolor-name-1.1.1.tgz",
      "integrity": "sha1-HBJhu+qhCoBVu8XYq4S3sq/IRqA=",
      "dev": true
    },
    "@types/mini-css-extract-plugin": {
      "version": "0.9.1",
      "resolved": "https://registry.npm.taobao.org/@types/mini-css-extract-plugin/download/@types/mini-css-extract-plugin-0.9.1.tgz",
      "integrity": "sha1-1L3eUZcyb8oDnUGPS92gPcdNxFE=",
      "dev": true,
      "requires": {
        "@types/webpack": "*"
      }
    },
    "@types/node": {
      "version": "14.0.27",
      "resolved": "https://registry.npm.taobao.org/@types/node/download/@types/node-14.0.27.tgz?cache=0&sync_timestamp=1595997285729&other_urls=https%3A%2F%2Fregistry.npm.taobao.org%2F%40types%2Fnode%2Fdownload%2F%40types%2Fnode-14.0.27.tgz",
      "integrity": "sha1-oVGHOvWl6FG1GzsGXJ5jOQqeDrE=",
      "dev": true
    },
    "@types/source-list-map": {
      "version": "0.1.2",
      "resolved": "https://registry.npm.taobao.org/@types/source-list-map/download/@types/source-list-map-0.1.2.tgz",
      "integrity": "sha1-AHiDYGP/rxdBI0m7o2QIfgrALsk=",
      "dev": true
    },
    "@types/tapable": {
      "version": "1.0.6",
      "resolved": "https://registry.npm.taobao.org/@types/tapable/download/@types/tapable-1.0.6.tgz",
      "integrity": "sha1-qcpLcKGLJwzLK8Cqr+/R1Ia36nQ=",
      "dev": true
    },
    "@types/uglify-js": {
      "version": "3.9.3",
      "resolved": "https://registry.npm.taobao.org/@types/uglify-js/download/@types/uglify-js-3.9.3.tgz?cache=0&sync_timestamp=1594010613873&other_urls=https%3A%2F%2Fregistry.npm.taobao.org%2F%40types%2Fuglify-js%2Fdownload%2F%40types%2Fuglify-js-3.9.3.tgz",
      "integrity": "sha1-2U7WCOKVvFQkyWAOa4VlQHtrS2s=",
      "dev": true,
      "requires": {
        "source-map": "^0.6.1"
      }
    },
    "@types/webpack": {
      "version": "4.41.21",
      "resolved": "https://registry.npm.taobao.org/@types/webpack/download/@types/webpack-4.41.21.tgz",
      "integrity": "sha1-zGhbMywz8VO7L1/B+jrIretZLe4=",
      "dev": true,
      "requires": {
        "@types/anymatch": "*",
        "@types/node": "*",
        "@types/tapable": "*",
        "@types/uglify-js": "*",
        "@types/webpack-sources": "*",
        "source-map": "^0.6.0"
      }
    },
    "@types/webpack-sources": {
      "version": "1.4.2",
      "resolved": "https://registry.npm.taobao.org/@types/webpack-sources/download/@types/webpack-sources-1.4.2.tgz?cache=0&sync_timestamp=1596013066740&other_urls=https%3A%2F%2Fregistry.npm.taobao.org%2F%40types%2Fwebpack-sources%2Fdownload%2F%40types%2Fwebpack-sources-1.4.2.tgz",
      "integrity": "sha1-XT1N6gQAineakBNf+W+1wMnmKSw=",
      "dev": true,
      "requires": {
        "@types/node": "*",
        "@types/source-list-map": "*",
        "source-map": "^0.7.3"
      },
      "dependencies": {
        "source-map": {
          "version": "0.7.3",
          "resolved": "http://registry.npm.taobao.org/source-map/download/source-map-0.7.3.tgz",
          "integrity": "sha1-UwL4FpAxc1ImVECS5kmB91F1A4M=",
          "dev": true
        }
      }
    },
    "ansi-styles": {
      "version": "4.2.1",
      "resolved": "https://registry.npm.taobao.org/ansi-styles/download/ansi-styles-4.2.1.tgz?cache=0&other_urls=https%3A%2F%2Fregistry.npm.taobao.org%2Fansi-styles%2Fdownload%2Fansi-styles-4.2.1.tgz",
      "integrity": "sha1-kK51xCTQCNJiTFvynq0xd+v881k=",
      "dev": true,
      "requires": {
        "@types/color-name": "^1.1.1",
        "color-convert": "^2.0.1"
      }
    },
    "big.js": {
      "version": "5.2.2",
      "resolved": "https://registry.npm.taobao.org/big.js/download/big.js-5.2.2.tgz",
      "integrity": "sha1-ZfCvOC9Xi83HQr2cKB6cstd2gyg=",
      "dev": true
    },
    "chalk": {
      "version": "3.0.0",
      "resolved": "https://registry.npm.taobao.org/chalk/download/chalk-3.0.0.tgz?cache=0&sync_timestamp=1591687076871&other_urls=https%3A%2F%2Fregistry.npm.taobao.org%2Fchalk%2Fdownload%2Fchalk-3.0.0.tgz",
      "integrity": "sha1-P3PCv1JlkfV0zEksUeJFY0n4ROQ=",
      "dev": true,
      "requires": {
        "ansi-styles": "^4.1.0",
        "supports-color": "^7.1.0"
      }
    },
    "color-convert": {
      "version": "2.0.1",
      "resolved": "https://registry.npm.taobao.org/color-convert/download/color-convert-2.0.1.tgz",
      "integrity": "sha1-ctOmjVmMm9s68q0ehPIdiWq9TeM=",
      "dev": true,
      "requires": {
        "color-name": "~1.1.4"
      }
    },
    "color-name": {
      "version": "1.1.4",
      "resolved": "https://registry.npm.taobao.org/color-name/download/color-name-1.1.4.tgz",
      "integrity": "sha1-wqCah6y95pVD3m9j+jmVyCbFNqI=",
      "dev": true
    },
    "emojis-list": {
      "version": "3.0.0",
      "resolved": "https://registry.npm.taobao.org/emojis-list/download/emojis-list-3.0.0.tgz",
      "integrity": "sha1-VXBmIEatKeLpFucariYKvf9Pang=",
      "dev": true
    },
    "has-flag": {
      "version": "4.0.0",
      "resolved": "https://registry.npm.taobao.org/has-flag/download/has-flag-4.0.0.tgz",
      "integrity": "sha1-lEdx/ZyByBJlxNaUGGDaBrtZR5s=",
      "dev": true
    },
    "hash-sum": {
      "version": "2.0.0",
      "resolved": "https://registry.npm.taobao.org/hash-sum/download/hash-sum-2.0.0.tgz",
      "integrity": "sha1-gdAbtd6OpKIUrV1urRtSNGCwtFo=",
      "dev": true
    },
    "json5": {
      "version": "1.0.1",
      "resolved": "https://registry.npm.taobao.org/json5/download/json5-1.0.1.tgz?cache=0&sync_timestamp=1586045693798&other_urls=https%3A%2F%2Fregistry.npm.taobao.org%2Fjson5%2Fdownload%2Fjson5-1.0.1.tgz",
      "integrity": "sha1-d5+wAYYE+oVOrL9iUhgNg1Q+Pb4=",
      "dev": true,
      "requires": {
        "minimist": "^1.2.0"
      }
    },
    "loader-utils": {
      "version": "1.4.0",
      "resolved": "https://registry.npm.taobao.org/loader-utils/download/loader-utils-1.4.0.tgz",
      "integrity": "sha1-xXm140yzSxp07cbB+za/o3HVphM=",
      "dev": true,
      "requires": {
        "big.js": "^5.2.2",
        "emojis-list": "^3.0.0",
        "json5": "^1.0.1"
      }
    },
    "merge-source-map": {
      "version": "1.1.0",
      "resolved": "https://registry.npm.taobao.org/merge-source-map/download/merge-source-map-1.1.0.tgz",
      "integrity": "sha1-L93n5gIJOfcJBqaPLXrmheTIxkY=",
      "dev": true,
      "requires": {
        "source-map": "^0.6.1"
      }
    },
    "minimist": {
      "version": "1.2.5",
      "resolved": "https://registry.npm.taobao.org/minimist/download/minimist-1.2.5.tgz",
      "integrity": "sha1-Z9ZgFLZqaoqqDAg8X9WN9OTpdgI=",
      "dev": true
    },
    "source-map": {
      "version": "0.6.1",
      "resolved": "http://registry.npm.taobao.org/source-map/download/source-map-0.6.1.tgz",
      "integrity": "sha1-dHIq8y6WFOnCh6jQu95IteLxomM=",
      "dev": true
    },
    "supports-color": {
      "version": "7.1.0",
      "resolved": "https://registry.npm.taobao.org/supports-color/download/supports-color-7.1.0.tgz",
      "integrity": "sha1-aOMlkd9z4lrRxLSRCKLsUHliv9E=",
      "dev": true,
      "requires": {
        "has-flag": "^4.0.0"
      }
    },
    "vue-cli-plugin-vue-next": {
      "version": "0.1.3",
      "resolved": "https://registry.npm.taobao.org/vue-cli-plugin-vue-next/download/vue-cli-plugin-vue-next-0.1.3.tgz",
      "integrity": "sha1-/kuZQl1SaeAkqHzP1L2LNn2J2/U=",
      "dev": true,
      "requires": {
        "vue-loader": "^16.0.0-alpha.3"
      }
    },
    "vue-loader": {
      "version": "16.0.0-beta.4",
      "resolved": "https://registry.npm.taobao.org/vue-loader/download/vue-loader-16.0.0-beta.4.tgz?cache=0&sync_timestamp=1593355818681&other_urls=https%3A%2F%2Fregistry.npm.taobao.org%2Fvue-loader%2Fdownload%2Fvue-loader-16.0.0-beta.4.tgz",
      "integrity": "sha1-HZ14lPQwmSCWcnxEFLzzsa6MG+k=",
      "dev": true,
      "requires": {
        "@types/mini-css-extract-plugin": "^0.9.1",
        "chalk": "^3.0.0",
        "hash-sum": "^2.0.0",
        "loader-utils": "^1.2.3",
        "merge-source-map": "^1.1.0",
        "source-map": "^0.6.1"
      }
    },
    "vuex": {
      "version": "4.0.0-beta.4",
      "resolved": "https://registry.npm.taobao.org/vuex/download/vuex-4.0.0-beta.4.tgz",
      "integrity": "sha1-ezGerS7zBDK36qTjcljqPF5E9pg="
    }
  }
}
